// !$*UTF8*$!
{
	archiveVersion = 1;
	classes = {
	};
	objectVersion = 52;
	objects = {

/* Begin PBXBuildFile section */
		EB00D64F2510646E00D5A6FB /* URLImage in Frameworks */ = {isa = PBXBuildFile; productRef = EB00D64E2510646E00D5A6FB /* URLImage */; };
		EB00D6512510696F00D5A6FB /* UIApplication.swift in Sources */ = {isa = PBXBuildFile; fileRef = EB00D6502510696F00D5A6FB /* UIApplication.swift */; };
		EB132012244F9CEA0092B927 /* Banner.swift in Sources */ = {isa = PBXBuildFile; fileRef = EB132011244F9CEA0092B927 /* Banner.swift */; };
		EB21BE4C251018D70039E430 /* TabBar.swift in Sources */ = {isa = PBXBuildFile; fileRef = EB21BE4B251018D70039E430 /* TabBar.swift */; };
		EB21BE4E251018ED0039E430 /* UIDevice.swift in Sources */ = {isa = PBXBuildFile; fileRef = EB21BE4D251018ED0039E430 /* UIDevice.swift */; };
		EB33BD39246F1E74009FED4B /* TimelineView.swift in Sources */ = {isa = PBXBuildFile; fileRef = EB33BD38246F1E74009FED4B /* TimelineView.swift */; };
		EB33BD3C246F207B009FED4B /* SwiftUICharts in Frameworks */ = {isa = PBXBuildFile; productRef = EB33BD3B246F207B009FED4B /* SwiftUICharts */; };
		EB33BD3E246F28B2009FED4B /* Date.swift in Sources */ = {isa = PBXBuildFile; fileRef = EB33BD3D246F28B2009FED4B /* Date.swift */; };
		EB390AFB24529985003657D4 /* TestingView.swift in Sources */ = {isa = PBXBuildFile; fileRef = EB390AFA24529985003657D4 /* TestingView.swift */; };
		EB4C777B245207150072B8AF /* NewsView.swift in Sources */ = {isa = PBXBuildFile; fileRef = EB4C777A245207150072B8AF /* NewsView.swift */; };
		EB8504AB2448196C00BA0CF0 /* AppDelegate.swift in Sources */ = {isa = PBXBuildFile; fileRef = EB8504AA2448196C00BA0CF0 /* AppDelegate.swift */; };
		EB8504AD2448196C00BA0CF0 /* SceneDelegate.swift in Sources */ = {isa = PBXBuildFile; fileRef = EB8504AC2448196C00BA0CF0 /* SceneDelegate.swift */; };
		EB8504AF2448196C00BA0CF0 /* ContentView.swift in Sources */ = {isa = PBXBuildFile; fileRef = EB8504AE2448196C00BA0CF0 /* ContentView.swift */; };
		EB8504B12448196D00BA0CF0 /* Assets.xcassets in Resources */ = {isa = PBXBuildFile; fileRef = EB8504B02448196D00BA0CF0 /* Assets.xcassets */; };
		EB8504B42448196D00BA0CF0 /* Preview Assets.xcassets in Resources */ = {isa = PBXBuildFile; fileRef = EB8504B32448196D00BA0CF0 /* Preview Assets.xcassets */; };
		EB8504B72448196D00BA0CF0 /* LaunchScreen.storyboard in Resources */ = {isa = PBXBuildFile; fileRef = EB8504B52448196D00BA0CF0 /* LaunchScreen.storyboard */; };
		EB8504C1244828EE00BA0CF0 /* Int.swift in Sources */ = {isa = PBXBuildFile; fileRef = EB8504C0244828EE00BA0CF0 /* Int.swift */; };
		EBB95AFB246C91FE006A373E /* Array.swift in Sources */ = {isa = PBXBuildFile; fileRef = EBB95AFA246C91FE006A373E /* Array.swift */; };
		EBB95AFF246CCEE3006A373E /* StatesCombinedView.swift in Sources */ = {isa = PBXBuildFile; fileRef = EBB95AFE246CCEE3006A373E /* StatesCombinedView.swift */; };
		EBB95B02246CD019006A373E /* SearchBar.swift in Sources */ = {isa = PBXBuildFile; fileRef = EBB95B01246CD019006A373E /* SearchBar.swift */; };
		EBB95B08246CD0D8006A373E /* AnyGestureOrganizer.swift in Sources */ = {isa = PBXBuildFile; fileRef = EBB95B07246CD0D8006A373E /* AnyGestureOrganizer.swift */; };
		EBB9D9462450095300620ACE /* SourcesView.swift in Sources */ = {isa = PBXBuildFile; fileRef = EBB9D9452450095200620ACE /* SourcesView.swift */; };
		EBBE9F43244A724F00EA286F /* StatesView.swift in Sources */ = {isa = PBXBuildFile; fileRef = EBBE9F42244A724F00EA286F /* StatesView.swift */; };
		EBC42F702468E8CF00E06413 /* CountyView.swift in Sources */ = {isa = PBXBuildFile; fileRef = EBC42F6F2468E8CF00E06413 /* CountyView.swift */; };
		EBDD6F1724493C7D00372189 /* CountryView.swift in Sources */ = {isa = PBXBuildFile; fileRef = EBDD6F1624493C7D00372189 /* CountryView.swift */; };
		EBDD6F1924493C8500372189 /* TotalView.swift in Sources */ = {isa = PBXBuildFile; fileRef = EBDD6F1824493C8500372189 /* TotalView.swift */; };
		EBE18443245DF830000E85C3 /* MapsView.swift in Sources */ = {isa = PBXBuildFile; fileRef = EBE18442245DF830000E85C3 /* MapsView.swift */; };
/* End PBXBuildFile section */

/* Begin PBXFileReference section */
		EB00D6502510696F00D5A6FB /* UIApplication.swift */ = {isa = PBXFileReference; lastKnownFileType = sourcecode.swift; path = UIApplication.swift; sourceTree = "<group>"; };
		EB132011244F9CEA0092B927 /* Banner.swift */ = {isa = PBXFileReference; fileEncoding = 4; lastKnownFileType = sourcecode.swift; path = Banner.swift; sourceTree = "<group>"; };
		EB21BE4B251018D70039E430 /* TabBar.swift */ = {isa = PBXFileReference; lastKnownFileType = sourcecode.swift; path = TabBar.swift; sourceTree = "<group>"; };
		EB21BE4D251018ED0039E430 /* UIDevice.swift */ = {isa = PBXFileReference; lastKnownFileType = sourcecode.swift; path = UIDevice.swift; sourceTree = "<group>"; };
		EB33BD38246F1E74009FED4B /* TimelineView.swift */ = {isa = PBXFileReference; lastKnownFileType = sourcecode.swift; path = TimelineView.swift; sourceTree = "<group>"; };
		EB33BD3D246F28B2009FED4B /* Date.swift */ = {isa = PBXFileReference; lastKnownFileType = sourcecode.swift; path = Date.swift; sourceTree = "<group>"; };
		EB390AFA24529985003657D4 /* TestingView.swift */ = {isa = PBXFileReference; lastKnownFileType = sourcecode.swift; path = TestingView.swift; sourceTree = "<group>"; };
		EB4C777A245207150072B8AF /* NewsView.swift */ = {isa = PBXFileReference; lastKnownFileType = sourcecode.swift; path = NewsView.swift; sourceTree = "<group>"; };
		EB77BF5E245A6CD7003BC5D7 /* GoogleUtilities.framework */ = {isa = PBXFileReference; explicitFileType = wrapper.framework; path = GoogleUtilities.framework; sourceTree = BUILT_PRODUCTS_DIR; };
		EB77BF5F245A6CD7003BC5D7 /* nanopb.framework */ = {isa = PBXFileReference; explicitFileType = wrapper.framework; path = nanopb.framework; sourceTree = BUILT_PRODUCTS_DIR; };
		EB77BF60245A6CD7003BC5D7 /* URLImage.framework */ = {isa = PBXFileReference; explicitFileType = wrapper.framework; path = URLImage.framework; sourceTree = BUILT_PRODUCTS_DIR; };
		EB77BF77245A6EC9003BC5D7 /* URLImage.framework */ = {isa = PBXFileReference; explicitFileType = wrapper.framework; path = URLImage.framework; sourceTree = BUILT_PRODUCTS_DIR; };
		EB77BF7B245A6EE7003BC5D7 /* nanopb.framework */ = {isa = PBXFileReference; explicitFileType = wrapper.framework; path = nanopb.framework; sourceTree = BUILT_PRODUCTS_DIR; };
		EB77BF7F245A6EED003BC5D7 /* GoogleUtilities.framework */ = {isa = PBXFileReference; explicitFileType = wrapper.framework; path = GoogleUtilities.framework; sourceTree = BUILT_PRODUCTS_DIR; };
		EB8504A72448196C00BA0CF0 /* COVID Tracker.app */ = {isa = PBXFileReference; explicitFileType = wrapper.application; includeInIndex = 0; path = "COVID Tracker.app"; sourceTree = BUILT_PRODUCTS_DIR; };
		EB8504AA2448196C00BA0CF0 /* AppDelegate.swift */ = {isa = PBXFileReference; lastKnownFileType = sourcecode.swift; path = AppDelegate.swift; sourceTree = "<group>"; };
		EB8504AC2448196C00BA0CF0 /* SceneDelegate.swift */ = {isa = PBXFileReference; lastKnownFileType = sourcecode.swift; path = SceneDelegate.swift; sourceTree = "<group>"; };
		EB8504AE2448196C00BA0CF0 /* ContentView.swift */ = {isa = PBXFileReference; lastKnownFileType = sourcecode.swift; path = ContentView.swift; sourceTree = "<group>"; };
		EB8504B02448196D00BA0CF0 /* Assets.xcassets */ = {isa = PBXFileReference; lastKnownFileType = folder.assetcatalog; path = Assets.xcassets; sourceTree = "<group>"; };
		EB8504B32448196D00BA0CF0 /* Preview Assets.xcassets */ = {isa = PBXFileReference; lastKnownFileType = folder.assetcatalog; path = "Preview Assets.xcassets"; sourceTree = "<group>"; };
		EB8504B62448196D00BA0CF0 /* Base */ = {isa = PBXFileReference; lastKnownFileType = file.storyboard; name = Base; path = Base.lproj/LaunchScreen.storyboard; sourceTree = "<group>"; };
		EB8504B82448196D00BA0CF0 /* Info.plist */ = {isa = PBXFileReference; lastKnownFileType = text.plist.xml; path = Info.plist; sourceTree = "<group>"; };
		EB8504C0244828EE00BA0CF0 /* Int.swift */ = {isa = PBXFileReference; lastKnownFileType = sourcecode.swift; path = Int.swift; sourceTree = "<group>"; };
		EBB95AFA246C91FE006A373E /* Array.swift */ = {isa = PBXFileReference; lastKnownFileType = sourcecode.swift; path = Array.swift; sourceTree = "<group>"; };
		EBB95AFE246CCEE3006A373E /* StatesCombinedView.swift */ = {isa = PBXFileReference; lastKnownFileType = sourcecode.swift; path = StatesCombinedView.swift; sourceTree = "<group>"; };
		EBB95B01246CD019006A373E /* SearchBar.swift */ = {isa = PBXFileReference; lastKnownFileType = sourcecode.swift; path = SearchBar.swift; sourceTree = "<group>"; };
		EBB95B07246CD0D8006A373E /* AnyGestureOrganizer.swift */ = {isa = PBXFileReference; lastKnownFileType = sourcecode.swift; path = AnyGestureOrganizer.swift; sourceTree = "<group>"; };
		EBB9D9452450095200620ACE /* SourcesView.swift */ = {isa = PBXFileReference; lastKnownFileType = sourcecode.swift; path = SourcesView.swift; sourceTree = "<group>"; };
		EBBE9F42244A724F00EA286F /* StatesView.swift */ = {isa = PBXFileReference; lastKnownFileType = sourcecode.swift; path = StatesView.swift; sourceTree = "<group>"; };
		EBC42F6F2468E8CF00E06413 /* CountyView.swift */ = {isa = PBXFileReference; lastKnownFileType = sourcecode.swift; path = CountyView.swift; sourceTree = "<group>"; };
		EBDD6F0E244933BD00372189 /* COVID Tracker.entitlements */ = {isa = PBXFileReference; lastKnownFileType = text.plist.entitlements; path = "COVID Tracker.entitlements"; sourceTree = "<group>"; };
		EBDD6F10244933BD00372189 /* AudioToolbox.framework */ = {isa = PBXFileReference; lastKnownFileType = wrapper.framework; name = AudioToolbox.framework; path = System/Library/Frameworks/AudioToolbox.framework; sourceTree = SDKROOT; };
		EBDD6F12244933C700372189 /* MapKit.framework */ = {isa = PBXFileReference; lastKnownFileType = wrapper.framework; name = MapKit.framework; path = System/Library/Frameworks/MapKit.framework; sourceTree = SDKROOT; };
		EBDD6F14244939A000372189 /* ExternalAccessory.framework */ = {isa = PBXFileReference; lastKnownFileType = wrapper.framework; name = ExternalAccessory.framework; path = System/Library/Frameworks/ExternalAccessory.framework; sourceTree = SDKROOT; };
		EBDD6F1624493C7D00372189 /* CountryView.swift */ = {isa = PBXFileReference; fileEncoding = 4; lastKnownFileType = sourcecode.swift; path = CountryView.swift; sourceTree = "<group>"; };
		EBDD6F1824493C8500372189 /* TotalView.swift */ = {isa = PBXFileReference; fileEncoding = 4; lastKnownFileType = sourcecode.swift; path = TotalView.swift; sourceTree = "<group>"; };
		EBE18442245DF830000E85C3 /* MapsView.swift */ = {isa = PBXFileReference; lastKnownFileType = sourcecode.swift; path = MapsView.swift; sourceTree = "<group>"; };
/* End PBXFileReference section */

/* Begin PBXFrameworksBuildPhase section */
		EB8504A42448196C00BA0CF0 /* Frameworks */ = {
			isa = PBXFrameworksBuildPhase;
			buildActionMask = 2147483647;
			files = (
				EB00D64F2510646E00D5A6FB /* URLImage in Frameworks */,
				EB33BD3C246F207B009FED4B /* SwiftUICharts in Frameworks */,
			);
			runOnlyForDeploymentPostprocessing = 0;
		};
/* End PBXFrameworksBuildPhase section */

/* Begin PBXGroup section */
		EB13200D244F9C800092B927 /* Recovered References */ = {
			isa = PBXGroup;
			children = (
			);
			name = "Recovered References";
			sourceTree = "<group>";
		};
		EB85049E2448196C00BA0CF0 = {
			isa = PBXGroup;
			children = (
				EB8504A92448196C00BA0CF0 /* COVID Tracker */,
				EB8504A82448196C00BA0CF0 /* Products */,
				EBDD6F0F244933BD00372189 /* Frameworks */,
				EB13200D244F9C800092B927 /* Recovered References */,
			);
			sourceTree = "<group>";
		};
		EB8504A82448196C00BA0CF0 /* Products */ = {
			isa = PBXGroup;
			children = (
				EB8504A72448196C00BA0CF0 /* COVID Tracker.app */,
			);
			name = Products;
			sourceTree = "<group>";
		};
		EB8504A92448196C00BA0CF0 /* COVID Tracker */ = {
			isa = PBXGroup;
			children = (
				EBB95B00246CCFFC006A373E /* Utilities */,
				EB8F120A2451192F00845269 /* Advertisements */,
				EB8F12062451187E00845269 /* Supplemental Views */,
				EB8F120B2451194C00845269 /* Extensions */,
				EBDD6F0E244933BD00372189 /* COVID Tracker.entitlements */,
				EB8F1207245118B100845269 /* Delegates */,
				EB8F12052451186E00845269 /* Main View */,
				EB8504B02448196D00BA0CF0 /* Assets.xcassets */,
				EB8504B52448196D00BA0CF0 /* LaunchScreen.storyboard */,
				EB8504B82448196D00BA0CF0 /* Info.plist */,
				EB8504B22448196D00BA0CF0 /* Preview Content */,
			);
			path = "COVID Tracker";
			sourceTree = "<group>";
		};
		EB8504B22448196D00BA0CF0 /* Preview Content */ = {
			isa = PBXGroup;
			children = (
				EB8504B32448196D00BA0CF0 /* Preview Assets.xcassets */,
			);
			path = "Preview Content";
			sourceTree = "<group>";
		};
		EB8F12052451186E00845269 /* Main View */ = {
			isa = PBXGroup;
			children = (
				EB8504AE2448196C00BA0CF0 /* ContentView.swift */,
			);
			path = "Main View";
			sourceTree = "<group>";
		};
		EB8F12062451187E00845269 /* Supplemental Views */ = {
			isa = PBXGroup;
			children = (
				EBDD6F1824493C8500372189 /* TotalView.swift */,
				EBB9D9452450095200620ACE /* SourcesView.swift */,
				EBDD6F1624493C7D00372189 /* CountryView.swift */,
				EBBE9F42244A724F00EA286F /* StatesView.swift */,
				EB4C777A245207150072B8AF /* NewsView.swift */,
				EB390AFA24529985003657D4 /* TestingView.swift */,
				EBE18442245DF830000E85C3 /* MapsView.swift */,
				EBC42F6F2468E8CF00E06413 /* CountyView.swift */,
				EBB95AFE246CCEE3006A373E /* StatesCombinedView.swift */,
				EB33BD38246F1E74009FED4B /* TimelineView.swift */,
				EB21BE4B251018D70039E430 /* TabBar.swift */,
			);
			path = "Supplemental Views";
			sourceTree = "<group>";
		};
		EB8F1207245118B100845269 /* Delegates */ = {
			isa = PBXGroup;
			children = (
				EB8504AA2448196C00BA0CF0 /* AppDelegate.swift */,
				EB8504AC2448196C00BA0CF0 /* SceneDelegate.swift */,
			);
			path = Delegates;
			sourceTree = "<group>";
		};
		EB8F120A2451192F00845269 /* Advertisements */ = {
			isa = PBXGroup;
			children = (
				EB132011244F9CEA0092B927 /* Banner.swift */,
			);
			path = Advertisements;
			sourceTree = "<group>";
		};
		EB8F120B2451194C00845269 /* Extensions */ = {
			isa = PBXGroup;
			children = (
				EB8504C0244828EE00BA0CF0 /* Int.swift */,
				EBB95AFA246C91FE006A373E /* Array.swift */,
				EB33BD3D246F28B2009FED4B /* Date.swift */,
				EB21BE4D251018ED0039E430 /* UIDevice.swift */,
				EB00D6502510696F00D5A6FB /* UIApplication.swift */,
			);
			path = Extensions;
			sourceTree = "<group>";
		};
		EBB95B00246CCFFC006A373E /* Utilities */ = {
			isa = PBXGroup;
			children = (
				EBB95B01246CD019006A373E /* SearchBar.swift */,
				EBB95B07246CD0D8006A373E /* AnyGestureOrganizer.swift */,
			);
			path = Utilities;
			sourceTree = "<group>";
		};
		EBDD6F0F244933BD00372189 /* Frameworks */ = {
			isa = PBXGroup;
			children = (
				EB77BF7F245A6EED003BC5D7 /* GoogleUtilities.framework */,
				EB77BF7B245A6EE7003BC5D7 /* nanopb.framework */,
				EB77BF77245A6EC9003BC5D7 /* URLImage.framework */,
				EB77BF5E245A6CD7003BC5D7 /* GoogleUtilities.framework */,
				EB77BF5F245A6CD7003BC5D7 /* nanopb.framework */,
				EB77BF60245A6CD7003BC5D7 /* URLImage.framework */,
				EBDD6F14244939A000372189 /* ExternalAccessory.framework */,
				EBDD6F12244933C700372189 /* MapKit.framework */,
				EBDD6F10244933BD00372189 /* AudioToolbox.framework */,
			);
			name = Frameworks;
			sourceTree = "<group>";
		};
/* End PBXGroup section */

/* Begin PBXNativeTarget section */
		EB8504A62448196C00BA0CF0 /* COVID Tracker */ = {
			isa = PBXNativeTarget;
			buildConfigurationList = EB8504BB2448196D00BA0CF0 /* Build configuration list for PBXNativeTarget "COVID Tracker" */;
			buildPhases = (
				EB8504A32448196C00BA0CF0 /* Sources */,
				EB8504A42448196C00BA0CF0 /* Frameworks */,
				EB8504A52448196C00BA0CF0 /* Resources */,
			);
			buildRules = (
			);
			dependencies = (
			);
			name = "COVID Tracker";
			packageProductDependencies = (
				EB33BD3B246F207B009FED4B /* SwiftUICharts */,
				EB00D64E2510646E00D5A6FB /* URLImage */,
			);
			productName = "COVID-19 Data";
			productReference = EB8504A72448196C00BA0CF0 /* COVID Tracker.app */;
			productType = "com.apple.product-type.application";
		};
/* End PBXNativeTarget section */

/* Begin PBXProject section */
		EB85049F2448196C00BA0CF0 /* Project object */ = {
			isa = PBXProject;
			attributes = {
				LastSwiftUpdateCheck = 1140;
				LastUpgradeCheck = 1140;
				ORGANIZATIONNAME = "Sammy Dentino";
				TargetAttributes = {
					EB8504A62448196C00BA0CF0 = {
						CreatedOnToolsVersion = 11.4.1;
					};
				};
			};
			buildConfigurationList = EB8504A22448196C00BA0CF0 /* Build configuration list for PBXProject "COVID Tracker" */;
			compatibilityVersion = "Xcode 9.3";
			developmentRegion = en;
			hasScannedForEncodings = 0;
			knownRegions = (
				en,
				Base,
			);
			mainGroup = EB85049E2448196C00BA0CF0;
			packageReferences = (
				EB33BD3A246F207B009FED4B /* XCRemoteSwiftPackageReference "ChartView" */,
				EB00D64D2510646E00D5A6FB /* XCRemoteSwiftPackageReference "url-image" */,
			);
			productRefGroup = EB8504A82448196C00BA0CF0 /* Products */;
			projectDirPath = "";
			projectRoot = "";
			targets = (
				EB8504A62448196C00BA0CF0 /* COVID Tracker */,
			);
		};
/* End PBXProject section */

/* Begin PBXResourcesBuildPhase section */
		EB8504A52448196C00BA0CF0 /* Resources */ = {
			isa = PBXResourcesBuildPhase;
			buildActionMask = 2147483647;
			files = (
				EB8504B72448196D00BA0CF0 /* LaunchScreen.storyboard in Resources */,
				EB8504B42448196D00BA0CF0 /* Preview Assets.xcassets in Resources */,
				EB8504B12448196D00BA0CF0 /* Assets.xcassets in Resources */,
			);
			runOnlyForDeploymentPostprocessing = 0;
		};
/* End PBXResourcesBuildPhase section */

/* Begin PBXSourcesBuildPhase section */
		EB8504A32448196C00BA0CF0 /* Sources */ = {
			isa = PBXSourcesBuildPhase;
			buildActionMask = 2147483647;
			files = (
				EB8504AB2448196C00BA0CF0 /* AppDelegate.swift in Sources */,
				EBBE9F43244A724F00EA286F /* StatesView.swift in Sources */,
				EBB95AFF246CCEE3006A373E /* StatesCombinedView.swift in Sources */,
				EB33BD39246F1E74009FED4B /* TimelineView.swift in Sources */,
				EB132012244F9CEA0092B927 /* Banner.swift in Sources */,
				EBB95B08246CD0D8006A373E /* AnyGestureOrganizer.swift in Sources */,
				EB390AFB24529985003657D4 /* TestingView.swift in Sources */,
				EBB95B02246CD019006A373E /* SearchBar.swift in Sources */,
				EB21BE4E251018ED0039E430 /* UIDevice.swift in Sources */,
				EB4C777B245207150072B8AF /* NewsView.swift in Sources */,
				EBE18443245DF830000E85C3 /* MapsView.swift in Sources */,
				EB8504C1244828EE00BA0CF0 /* Int.swift in Sources */,
				EBDD6F1724493C7D00372189 /* CountryView.swift in Sources */,
				EBB9D9462450095300620ACE /* SourcesView.swift in Sources */,
				EB00D6512510696F00D5A6FB /* UIApplication.swift in Sources */,
				EBB95AFB246C91FE006A373E /* Array.swift in Sources */,
				EB33BD3E246F28B2009FED4B /* Date.swift in Sources */,
				EB8504AD2448196C00BA0CF0 /* SceneDelegate.swift in Sources */,
				EBC42F702468E8CF00E06413 /* CountyView.swift in Sources */,
				EB21BE4C251018D70039E430 /* TabBar.swift in Sources */,
				EBDD6F1924493C8500372189 /* TotalView.swift in Sources */,
				EB8504AF2448196C00BA0CF0 /* ContentView.swift in Sources */,
			);
			runOnlyForDeploymentPostprocessing = 0;
		};
/* End PBXSourcesBuildPhase section */

/* Begin PBXVariantGroup section */
		EB8504B52448196D00BA0CF0 /* LaunchScreen.storyboard */ = {
			isa = PBXVariantGroup;
			children = (
				EB8504B62448196D00BA0CF0 /* Base */,
			);
			name = LaunchScreen.storyboard;
			sourceTree = "<group>";
		};
/* End PBXVariantGroup section */

/* Begin XCBuildConfiguration section */
		EB8504B92448196D00BA0CF0 /* Debug */ = {
			isa = XCBuildConfiguration;
			buildSettings = {
				ALWAYS_SEARCH_USER_PATHS = NO;
				CLANG_ANALYZER_NONNULL = YES;
				CLANG_ANALYZER_NUMBER_OBJECT_CONVERSION = YES_AGGRESSIVE;
				CLANG_CXX_LANGUAGE_STANDARD = "gnu++14";
				CLANG_CXX_LIBRARY = "libc++";
				CLANG_ENABLE_MODULES = YES;
				CLANG_ENABLE_OBJC_ARC = YES;
				CLANG_ENABLE_OBJC_WEAK = YES;
				CLANG_WARN_BLOCK_CAPTURE_AUTORELEASING = YES;
				CLANG_WARN_BOOL_CONVERSION = YES;
				CLANG_WARN_COMMA = YES;
				CLANG_WARN_CONSTANT_CONVERSION = YES;
				CLANG_WARN_DEPRECATED_OBJC_IMPLEMENTATIONS = YES;
				CLANG_WARN_DIRECT_OBJC_ISA_USAGE = YES_ERROR;
				CLANG_WARN_DOCUMENTATION_COMMENTS = YES;
				CLANG_WARN_EMPTY_BODY = YES;
				CLANG_WARN_ENUM_CONVERSION = YES;
				CLANG_WARN_INFINITE_RECURSION = YES;
				CLANG_WARN_INT_CONVERSION = YES;
				CLANG_WARN_NON_LITERAL_NULL_CONVERSION = YES;
				CLANG_WARN_OBJC_IMPLICIT_RETAIN_SELF = YES;
				CLANG_WARN_OBJC_LITERAL_CONVERSION = YES;
				CLANG_WARN_OBJC_ROOT_CLASS = YES_ERROR;
				CLANG_WARN_RANGE_LOOP_ANALYSIS = YES;
				CLANG_WARN_STRICT_PROTOTYPES = YES;
				CLANG_WARN_SUSPICIOUS_MOVE = YES;
				CLANG_WARN_UNGUARDED_AVAILABILITY = YES_AGGRESSIVE;
				CLANG_WARN_UNREACHABLE_CODE = YES;
				CLANG_WARN__DUPLICATE_METHOD_MATCH = YES;
				COPY_PHASE_STRIP = NO;
				DEBUG_INFORMATION_FORMAT = dwarf;
				ENABLE_STRICT_OBJC_MSGSEND = YES;
				ENABLE_TESTABILITY = YES;
				GCC_C_LANGUAGE_STANDARD = gnu11;
				GCC_DYNAMIC_NO_PIC = NO;
				GCC_NO_COMMON_BLOCKS = YES;
				GCC_OPTIMIZATION_LEVEL = 0;
				GCC_PREPROCESSOR_DEFINITIONS = (
					"DEBUG=1",
					"$(inherited)",
				);
				GCC_WARN_64_TO_32_BIT_CONVERSION = YES;
				GCC_WARN_ABOUT_RETURN_TYPE = YES_ERROR;
				GCC_WARN_UNDECLARED_SELECTOR = YES;
				GCC_WARN_UNINITIALIZED_AUTOS = YES_AGGRESSIVE;
				GCC_WARN_UNUSED_FUNCTION = YES;
				GCC_WARN_UNUSED_VARIABLE = YES;
				IPHONEOS_DEPLOYMENT_TARGET = 13.2;
				MACOSX_DEPLOYMENT_TARGET = 10.15;
				MTL_ENABLE_DEBUG_INFO = INCLUDE_SOURCE;
				MTL_FAST_MATH = YES;
				ONLY_ACTIVE_ARCH = YES;
				SDKROOT = iphoneos;
				SWIFT_ACTIVE_COMPILATION_CONDITIONS = DEBUG;
				SWIFT_OPTIMIZATION_LEVEL = "-Onone";
			};
			name = Debug;
		};
		EB8504BA2448196D00BA0CF0 /* Release */ = {
			isa = XCBuildConfiguration;
			buildSettings = {
				ALWAYS_SEARCH_USER_PATHS = NO;
				CLANG_ANALYZER_NONNULL = YES;
				CLANG_ANALYZER_NUMBER_OBJECT_CONVERSION = YES_AGGRESSIVE;
				CLANG_CXX_LANGUAGE_STANDARD = "gnu++14";
				CLANG_CXX_LIBRARY = "libc++";
				CLANG_ENABLE_MODULES = YES;
				CLANG_ENABLE_OBJC_ARC = YES;
				CLANG_ENABLE_OBJC_WEAK = YES;
				CLANG_WARN_BLOCK_CAPTURE_AUTORELEASING = YES;
				CLANG_WARN_BOOL_CONVERSION = YES;
				CLANG_WARN_COMMA = YES;
				CLANG_WARN_CONSTANT_CONVERSION = YES;
				CLANG_WARN_DEPRECATED_OBJC_IMPLEMENTATIONS = YES;
				CLANG_WARN_DIRECT_OBJC_ISA_USAGE = YES_ERROR;
				CLANG_WARN_DOCUMENTATION_COMMENTS = YES;
				CLANG_WARN_EMPTY_BODY = YES;
				CLANG_WARN_ENUM_CONVERSION = YES;
				CLANG_WARN_INFINITE_RECURSION = YES;
				CLANG_WARN_INT_CONVERSION = YES;
				CLANG_WARN_NON_LITERAL_NULL_CONVERSION = YES;
				CLANG_WARN_OBJC_IMPLICIT_RETAIN_SELF = YES;
				CLANG_WARN_OBJC_LITERAL_CONVERSION = YES;
				CLANG_WARN_OBJC_ROOT_CLASS = YES_ERROR;
				CLANG_WARN_RANGE_LOOP_ANALYSIS = YES;
				CLANG_WARN_STRICT_PROTOTYPES = YES;
				CLANG_WARN_SUSPICIOUS_MOVE = YES;
				CLANG_WARN_UNGUARDED_AVAILABILITY = YES_AGGRESSIVE;
				CLANG_WARN_UNREACHABLE_CODE = YES;
				CLANG_WARN__DUPLICATE_METHOD_MATCH = YES;
				COPY_PHASE_STRIP = NO;
				DEBUG_INFORMATION_FORMAT = "dwarf-with-dsym";
				ENABLE_NS_ASSERTIONS = NO;
				ENABLE_STRICT_OBJC_MSGSEND = YES;
				GCC_C_LANGUAGE_STANDARD = gnu11;
				GCC_NO_COMMON_BLOCKS = YES;
				GCC_WARN_64_TO_32_BIT_CONVERSION = YES;
				GCC_WARN_ABOUT_RETURN_TYPE = YES_ERROR;
				GCC_WARN_UNDECLARED_SELECTOR = YES;
				GCC_WARN_UNINITIALIZED_AUTOS = YES_AGGRESSIVE;
				GCC_WARN_UNUSED_FUNCTION = YES;
				GCC_WARN_UNUSED_VARIABLE = YES;
				IPHONEOS_DEPLOYMENT_TARGET = 13.2;
				MACOSX_DEPLOYMENT_TARGET = 10.15;
				MTL_ENABLE_DEBUG_INFO = NO;
				MTL_FAST_MATH = YES;
				ONLY_ACTIVE_ARCH = YES;
				SDKROOT = iphoneos;
				SWIFT_COMPILATION_MODE = wholemodule;
				SWIFT_OPTIMIZATION_LEVEL = "-O";
				VALIDATE_PRODUCT = YES;
			};
			name = Release;
		};
		EB8504BC2448196D00BA0CF0 /* Debug */ = {
			isa = XCBuildConfiguration;
			buildSettings = {
				ASSETCATALOG_COMPILER_APPICON_NAME = AppIcon;
				CODE_SIGN_ENTITLEMENTS = "COVID Tracker/COVID Tracker.entitlements";
				CODE_SIGN_STYLE = Automatic;
				CURRENT_PROJECT_VERSION = 1;
				DEVELOPMENT_ASSET_PATHS = "";
				DEVELOPMENT_TEAM = G9X97N3XGU;
				ENABLE_PREVIEWS = YES;
				INFOPLIST_FILE = "COVID Tracker/Info.plist";
				IPHONEOS_DEPLOYMENT_TARGET = 13.2;
				LD_RUNPATH_SEARCH_PATHS = (
					"$(inherited)",
					"@executable_path/Frameworks",
				);
				MARKETING_VERSION = 3.0.5;
				PRODUCT_BUNDLE_IDENTIFIER = "com.sammydentino.COVID-Tracker";
				PRODUCT_NAME = "COVID Tracker";
				SWIFT_VERSION = 5.0;
				TARGETED_DEVICE_FAMILY = "1,2";
			};
			name = Debug;
		};
		EB8504BD2448196D00BA0CF0 /* Release */ = {
			isa = XCBuildConfiguration;
			buildSettings = {
				ASSETCATALOG_COMPILER_APPICON_NAME = AppIcon;
				CODE_SIGN_ENTITLEMENTS = "COVID Tracker/COVID Tracker.entitlements";
				CODE_SIGN_STYLE = Automatic;
				CURRENT_PROJECT_VERSION = 1;
				DEVELOPMENT_ASSET_PATHS = "";
				DEVELOPMENT_TEAM = G9X97N3XGU;
				ENABLE_PREVIEWS = YES;
				INFOPLIST_FILE = "COVID Tracker/Info.plist";
				IPHONEOS_DEPLOYMENT_TARGET = 13.2;
				LD_RUNPATH_SEARCH_PATHS = (
					"$(inherited)",
					"@executable_path/Frameworks",
				);
				MARKETING_VERSION = 3.0.5;
				PRODUCT_BUNDLE_IDENTIFIER = "com.sammydentino.COVID-Tracker";
				PRODUCT_NAME = "COVID Tracker";
				SWIFT_VERSION = 5.0;
				TARGETED_DEVICE_FAMILY = "1,2";
			};
			name = Release;
		};
/* End XCBuildConfiguration section */

/* Begin XCConfigurationList section */
		EB8504A22448196C00BA0CF0 /* Build configuration list for PBXProject "COVID Tracker" */ = {
			isa = XCConfigurationList;
			buildConfigurations = (
				EB8504B92448196D00BA0CF0 /* Debug */,
				EB8504BA2448196D00BA0CF0 /* Release */,
			);
			defaultConfigurationIsVisible = 0;
			defaultConfigurationName = Release;
		};
		EB8504BB2448196D00BA0CF0 /* Build configuration list for PBXNativeTarget "COVID Tracker" */ = {
			isa = XCConfigurationList;
			buildConfigurations = (
				EB8504BC2448196D00BA0CF0 /* Debug */,
				EB8504BD2448196D00BA0CF0 /* Release */,
			);
			defaultConfigurationIsVisible = 0;
			defaultConfigurationName = Release;
		};
/* End XCConfigurationList section */

/* Begin XCRemoteSwiftPackageReference section */
		EB00D64D2510646E00D5A6FB /* XCRemoteSwiftPackageReference "url-image" */ = {
			isa = XCRemoteSwiftPackageReference;
			repositoryURL = "https://github.com/dmytro-anokhin/url-image.git";
			requirement = {
				kind = upToNextMajorVersion;
				minimumVersion = 0.9.19;
			};
		};
		EB33BD3A246F207B009FED4B /* XCRemoteSwiftPackageReference "ChartView" */ = {
			isa = XCRemoteSwiftPackageReference;
			repositoryURL = "https://github.com/AppPear/ChartView";
			requirement = {
				branch = master;
				kind = branch;
			};
		};
/* End XCRemoteSwiftPackageReference section */

/* Begin XCSwiftPackageProductDependency section */
		EB00D64E2510646E00D5A6FB /* URLImage */ = {
			isa = XCSwiftPackageProductDependency;
			package = EB00D64D2510646E00D5A6FB /* XCRemoteSwiftPackageReference "url-image" */;
			productName = URLImage;
		};
		EB33BD3B246F207B009FED4B /* SwiftUICharts */ = {
			isa = XCSwiftPackageProductDependency;
			package = EB33BD3A246F207B009FED4B /* XCRemoteSwiftPackageReference "ChartView" */;
			productName = SwiftUICharts;
		};
/* End XCSwiftPackageProductDependency section */
	};
	rootObject = EB85049F2448196C00BA0CF0 /* Project object */;
}
