// !$*UTF8*$!
{
	archiveVersion = 1;
	classes = {
	};
	objectVersion = 52;
	objects = {

/* Begin PBXBuildFile section */
		EB00D6512510696F00D5A6FB /* UIApplication.swift in Sources */ = {isa = PBXBuildFile; fileRef = EB00D6502510696F00D5A6FB /* UIApplication.swift */; };
		EB216C43260C0D4C00ED65E3 /* SwiftUIRefresh in Frameworks */ = {isa = PBXBuildFile; productRef = EB216C42260C0D4C00ED65E3 /* SwiftUIRefresh */; };
		EB216C46260C195600ED65E3 /* StateVaccinationDetailView.swift in Sources */ = {isa = PBXBuildFile; fileRef = EB216C45260C195600ED65E3 /* StateVaccinationDetailView.swift */; };
		EB21BE4E251018ED0039E430 /* UIDevice.swift in Sources */ = {isa = PBXBuildFile; fileRef = EB21BE4D251018ED0039E430 /* UIDevice.swift */; };
		EB33BD3E246F28B2009FED4B /* Date.swift in Sources */ = {isa = PBXBuildFile; fileRef = EB33BD3D246F28B2009FED4B /* Date.swift */; };
		EB4C777B245207150072B8AF /* NewsView.swift in Sources */ = {isa = PBXBuildFile; fileRef = EB4C777A245207150072B8AF /* NewsView.swift */; };
		EB58C29D261CED780023CD12 /* BetterSafariView in Frameworks */ = {isa = PBXBuildFile; productRef = EB58C29C261CED780023CD12 /* BetterSafariView */; };
		EB648CEA25118AAA0078F37B /* UIFont.swift in Sources */ = {isa = PBXBuildFile; fileRef = EB648CE925118AAA0078F37B /* UIFont.swift */; };
		EB8504AB2448196C00BA0CF0 /* AppDelegate.swift in Sources */ = {isa = PBXBuildFile; fileRef = EB8504AA2448196C00BA0CF0 /* AppDelegate.swift */; };
		EB8504AD2448196C00BA0CF0 /* SceneDelegate.swift in Sources */ = {isa = PBXBuildFile; fileRef = EB8504AC2448196C00BA0CF0 /* SceneDelegate.swift */; };
		EB8504AF2448196C00BA0CF0 /* Coronavirus.swift in Sources */ = {isa = PBXBuildFile; fileRef = EB8504AE2448196C00BA0CF0 /* Coronavirus.swift */; };
		EB8504B12448196D00BA0CF0 /* Assets.xcassets in Resources */ = {isa = PBXBuildFile; fileRef = EB8504B02448196D00BA0CF0 /* Assets.xcassets */; };
		EB8504B42448196D00BA0CF0 /* Preview Assets.xcassets in Resources */ = {isa = PBXBuildFile; fileRef = EB8504B32448196D00BA0CF0 /* Preview Assets.xcassets */; };
		EB8504B72448196D00BA0CF0 /* LaunchScreen.storyboard in Resources */ = {isa = PBXBuildFile; fileRef = EB8504B52448196D00BA0CF0 /* LaunchScreen.storyboard */; };
		EB8504C1244828EE00BA0CF0 /* Int.swift in Sources */ = {isa = PBXBuildFile; fileRef = EB8504C0244828EE00BA0CF0 /* Int.swift */; };
		EB94CF4C2620B8F70015515D /* BottomBar.swift in Sources */ = {isa = PBXBuildFile; fileRef = EB94CF4B2620B8F70015515D /* BottomBar.swift */; };
		EB94CF572620BC530015515D /* HalfModalViews.swift in Sources */ = {isa = PBXBuildFile; fileRef = EB94CF562620BC530015515D /* HalfModalViews.swift */; };
		EB94CF5A2620BC750015515D /* UIScreen.swift in Sources */ = {isa = PBXBuildFile; fileRef = EB94CF592620BC750015515D /* UIScreen.swift */; };
		EBAB252326463A0E002E0D0A /* AdViews.swift in Sources */ = {isa = PBXBuildFile; fileRef = EBAB252226463A0E002E0D0A /* AdViews.swift */; };
		EBAE11E5262B8A3100D7863F /* Kingfisher in Frameworks */ = {isa = PBXBuildFile; productRef = EBAE11E4262B8A3100D7863F /* Kingfisher */; };
		EBAE1243262BEB3900D7863F /* AboutKit.swift in Sources */ = {isa = PBXBuildFile; fileRef = EBAE1242262BEB3900D7863F /* AboutKit.swift */; };
		EBB95AFB246C91FE006A373E /* Array.swift in Sources */ = {isa = PBXBuildFile; fileRef = EBB95AFA246C91FE006A373E /* Array.swift */; };
		EBB95B02246CD019006A373E /* SearchBar.swift in Sources */ = {isa = PBXBuildFile; fileRef = EBB95B01246CD019006A373E /* SearchBar.swift */; };
		EBB95B08246CD0D8006A373E /* AnyGestureOrganizer.swift in Sources */ = {isa = PBXBuildFile; fileRef = EBB95B07246CD0D8006A373E /* AnyGestureOrganizer.swift */; };
		EBB9D9462450095300620ACE /* SourcesView.swift in Sources */ = {isa = PBXBuildFile; fileRef = EBB9D9452450095200620ACE /* SourcesView.swift */; };
		EBBE9F43244A724F00EA286F /* StatesView.swift in Sources */ = {isa = PBXBuildFile; fileRef = EBBE9F42244A724F00EA286F /* StatesView.swift */; };
		EBDD6F1724493C7D00372189 /* CountryView.swift in Sources */ = {isa = PBXBuildFile; fileRef = EBDD6F1624493C7D00372189 /* CountryView.swift */; };
		EBDD6F1924493C8500372189 /* TotalView.swift in Sources */ = {isa = PBXBuildFile; fileRef = EBDD6F1824493C8500372189 /* TotalView.swift */; };
		EBE1646F25CF20D600029603 /* DataStructs.swift in Sources */ = {isa = PBXBuildFile; fileRef = EBE1646E25CF20D600029603 /* DataStructs.swift */; };
		EBE2F5FC260D13DB006981A1 /* VaccinationDetailView.swift in Sources */ = {isa = PBXBuildFile; fileRef = EBE2F5FB260D13DB006981A1 /* VaccinationDetailView.swift */; };
		EBE2F600260D14AF006981A1 /* Color.swift in Sources */ = {isa = PBXBuildFile; fileRef = EBE2F5FF260D14AF006981A1 /* Color.swift */; };
		EBE87B862512806200A02F8E /* NavigationBarModifier.swift in Sources */ = {isa = PBXBuildFile; fileRef = EBE87B852512806200A02F8E /* NavigationBarModifier.swift */; };
		EBE87B882512807600A02F8E /* View.swift in Sources */ = {isa = PBXBuildFile; fileRef = EBE87B872512807600A02F8E /* View.swift */; };
		EBEAF587251130BE00403142 /* DataGrabbers.swift in Sources */ = {isa = PBXBuildFile; fileRef = EBEAF586251130BE00403142 /* DataGrabbers.swift */; };
		EBEAF5892511520C00403142 /* CountryDetailView.swift in Sources */ = {isa = PBXBuildFile; fileRef = EBEAF5882511520C00403142 /* CountryDetailView.swift */; };
		EBEAF58B2511523800403142 /* StatesDetailView.swift in Sources */ = {isa = PBXBuildFile; fileRef = EBEAF58A2511523800403142 /* StatesDetailView.swift */; };
		EBEAF58D251152A300403142 /* CaseAnnotations.swift in Sources */ = {isa = PBXBuildFile; fileRef = EBEAF58C251152A300403142 /* CaseAnnotations.swift */; };
		EBEAF590251152F100403142 /* WebView.swift in Sources */ = {isa = PBXBuildFile; fileRef = EBEAF58F251152F100403142 /* WebView.swift */; };
		EBFA701E25129A85003DF015 /* UIColor.swift in Sources */ = {isa = PBXBuildFile; fileRef = EBFA701D25129A85003DF015 /* UIColor.swift */; };
		EBFCE65B262F489A00B97D23 /* CodableCSV in Frameworks */ = {isa = PBXBuildFile; productRef = EBFCE65A262F489A00B97D23 /* CodableCSV */; };
		F6EFD1DB62E15389E97C42EF /* Pods_COVID_Tracker.framework in Frameworks */ = {isa = PBXBuildFile; fileRef = FD9BFFC591A856E8CDC54231 /* Pods_COVID_Tracker.framework */; };
/* End PBXBuildFile section */

/* Begin PBXFileReference section */
		4F3558FA382E43D0D9BC5FA4 /* Pods-COVID Tracker.debug.xcconfig */ = {isa = PBXFileReference; includeInIndex = 1; lastKnownFileType = text.xcconfig; name = "Pods-COVID Tracker.debug.xcconfig"; path = "Target Support Files/Pods-COVID Tracker/Pods-COVID Tracker.debug.xcconfig"; sourceTree = "<group>"; };
		A75F23EB9F23F8E77CA1DF2F /* Pods-COVID Tracker.release.xcconfig */ = {isa = PBXFileReference; includeInIndex = 1; lastKnownFileType = text.xcconfig; name = "Pods-COVID Tracker.release.xcconfig"; path = "Target Support Files/Pods-COVID Tracker/Pods-COVID Tracker.release.xcconfig"; sourceTree = "<group>"; };
		EB00D6502510696F00D5A6FB /* UIApplication.swift */ = {isa = PBXFileReference; lastKnownFileType = sourcecode.swift; path = UIApplication.swift; sourceTree = "<group>"; };
		EB216C45260C195600ED65E3 /* StateVaccinationDetailView.swift */ = {isa = PBXFileReference; lastKnownFileType = sourcecode.swift; path = StateVaccinationDetailView.swift; sourceTree = "<group>"; };
		EB21BE4D251018ED0039E430 /* UIDevice.swift */ = {isa = PBXFileReference; lastKnownFileType = sourcecode.swift; path = UIDevice.swift; sourceTree = "<group>"; };
		EB33BD3D246F28B2009FED4B /* Date.swift */ = {isa = PBXFileReference; lastKnownFileType = sourcecode.swift; path = Date.swift; sourceTree = "<group>"; };
		EB4C777A245207150072B8AF /* NewsView.swift */ = {isa = PBXFileReference; lastKnownFileType = sourcecode.swift; path = NewsView.swift; sourceTree = "<group>"; };
		EB648CE925118AAA0078F37B /* UIFont.swift */ = {isa = PBXFileReference; lastKnownFileType = sourcecode.swift; path = UIFont.swift; sourceTree = "<group>"; };
		EB77BF5E245A6CD7003BC5D7 /* GoogleUtilities.framework */ = {isa = PBXFileReference; explicitFileType = wrapper.framework; path = GoogleUtilities.framework; sourceTree = BUILT_PRODUCTS_DIR; };
		EB77BF5F245A6CD7003BC5D7 /* nanopb.framework */ = {isa = PBXFileReference; explicitFileType = wrapper.framework; path = nanopb.framework; sourceTree = BUILT_PRODUCTS_DIR; };
		EB77BF60245A6CD7003BC5D7 /* URLImage.framework */ = {isa = PBXFileReference; explicitFileType = wrapper.framework; path = URLImage.framework; sourceTree = BUILT_PRODUCTS_DIR; };
		EB77BF77245A6EC9003BC5D7 /* URLImage.framework */ = {isa = PBXFileReference; explicitFileType = wrapper.framework; path = URLImage.framework; sourceTree = BUILT_PRODUCTS_DIR; };
		EB77BF7B245A6EE7003BC5D7 /* nanopb.framework */ = {isa = PBXFileReference; explicitFileType = wrapper.framework; path = nanopb.framework; sourceTree = BUILT_PRODUCTS_DIR; };
		EB77BF7F245A6EED003BC5D7 /* GoogleUtilities.framework */ = {isa = PBXFileReference; explicitFileType = wrapper.framework; path = GoogleUtilities.framework; sourceTree = BUILT_PRODUCTS_DIR; };
		EB8504A72448196C00BA0CF0 /* COVID Tracker.app */ = {isa = PBXFileReference; explicitFileType = wrapper.application; includeInIndex = 0; path = "COVID Tracker.app"; sourceTree = BUILT_PRODUCTS_DIR; };
		EB8504AA2448196C00BA0CF0 /* AppDelegate.swift */ = {isa = PBXFileReference; lastKnownFileType = sourcecode.swift; path = AppDelegate.swift; sourceTree = "<group>"; };
		EB8504AC2448196C00BA0CF0 /* SceneDelegate.swift */ = {isa = PBXFileReference; lastKnownFileType = sourcecode.swift; path = SceneDelegate.swift; sourceTree = "<group>"; };
		EB8504AE2448196C00BA0CF0 /* Coronavirus.swift */ = {isa = PBXFileReference; lastKnownFileType = sourcecode.swift; path = Coronavirus.swift; sourceTree = "<group>"; };
		EB8504B02448196D00BA0CF0 /* Assets.xcassets */ = {isa = PBXFileReference; lastKnownFileType = folder.assetcatalog; name = Assets.xcassets; path = "COVID Tracker/Assets.xcassets"; sourceTree = SOURCE_ROOT; };
		EB8504B32448196D00BA0CF0 /* Preview Assets.xcassets */ = {isa = PBXFileReference; lastKnownFileType = folder.assetcatalog; path = "Preview Assets.xcassets"; sourceTree = "<group>"; };
		EB8504B62448196D00BA0CF0 /* Base */ = {isa = PBXFileReference; lastKnownFileType = file.storyboard; name = Base; path = Base.lproj/LaunchScreen.storyboard; sourceTree = "<group>"; };
		EB8504B82448196D00BA0CF0 /* Info.plist */ = {isa = PBXFileReference; lastKnownFileType = text.plist.xml; path = Info.plist; sourceTree = "<group>"; };
		EB8504C0244828EE00BA0CF0 /* Int.swift */ = {isa = PBXFileReference; lastKnownFileType = sourcecode.swift; path = Int.swift; sourceTree = "<group>"; };
		EB94CF4B2620B8F70015515D /* BottomBar.swift */ = {isa = PBXFileReference; lastKnownFileType = sourcecode.swift; path = BottomBar.swift; sourceTree = "<group>"; };
		EB94CF562620BC530015515D /* HalfModalViews.swift */ = {isa = PBXFileReference; lastKnownFileType = sourcecode.swift; path = HalfModalViews.swift; sourceTree = "<group>"; };
		EB94CF592620BC750015515D /* UIScreen.swift */ = {isa = PBXFileReference; lastKnownFileType = sourcecode.swift; path = UIScreen.swift; sourceTree = "<group>"; };
		EBAB252226463A0E002E0D0A /* AdViews.swift */ = {isa = PBXFileReference; lastKnownFileType = sourcecode.swift; path = AdViews.swift; sourceTree = "<group>"; };
		EBAE1242262BEB3900D7863F /* AboutKit.swift */ = {isa = PBXFileReference; lastKnownFileType = sourcecode.swift; path = AboutKit.swift; sourceTree = "<group>"; };
		EBB95AFA246C91FE006A373E /* Array.swift */ = {isa = PBXFileReference; lastKnownFileType = sourcecode.swift; path = Array.swift; sourceTree = "<group>"; };
		EBB95B01246CD019006A373E /* SearchBar.swift */ = {isa = PBXFileReference; lastKnownFileType = sourcecode.swift; path = SearchBar.swift; sourceTree = "<group>"; };
		EBB95B07246CD0D8006A373E /* AnyGestureOrganizer.swift */ = {isa = PBXFileReference; lastKnownFileType = sourcecode.swift; path = AnyGestureOrganizer.swift; sourceTree = "<group>"; };
		EBB9D9452450095200620ACE /* SourcesView.swift */ = {isa = PBXFileReference; lastKnownFileType = sourcecode.swift; path = SourcesView.swift; sourceTree = "<group>"; };
		EBBE9F42244A724F00EA286F /* StatesView.swift */ = {isa = PBXFileReference; lastKnownFileType = sourcecode.swift; path = StatesView.swift; sourceTree = "<group>"; };
		EBDD6F0E244933BD00372189 /* COVID Tracker.entitlements */ = {isa = PBXFileReference; lastKnownFileType = text.plist.entitlements; path = "COVID Tracker.entitlements"; sourceTree = "<group>"; };
		EBDD6F10244933BD00372189 /* AudioToolbox.framework */ = {isa = PBXFileReference; lastKnownFileType = wrapper.framework; name = AudioToolbox.framework; path = System/Library/Frameworks/AudioToolbox.framework; sourceTree = SDKROOT; };
		EBDD6F12244933C700372189 /* MapKit.framework */ = {isa = PBXFileReference; lastKnownFileType = wrapper.framework; name = MapKit.framework; path = System/Library/Frameworks/MapKit.framework; sourceTree = SDKROOT; };
		EBDD6F14244939A000372189 /* ExternalAccessory.framework */ = {isa = PBXFileReference; lastKnownFileType = wrapper.framework; name = ExternalAccessory.framework; path = System/Library/Frameworks/ExternalAccessory.framework; sourceTree = SDKROOT; };
		EBDD6F1624493C7D00372189 /* CountryView.swift */ = {isa = PBXFileReference; fileEncoding = 4; lastKnownFileType = sourcecode.swift; path = CountryView.swift; sourceTree = "<group>"; };
		EBDD6F1824493C8500372189 /* TotalView.swift */ = {isa = PBXFileReference; fileEncoding = 4; lastKnownFileType = sourcecode.swift; path = TotalView.swift; sourceTree = "<group>"; };
		EBE1646E25CF20D600029603 /* DataStructs.swift */ = {isa = PBXFileReference; lastKnownFileType = sourcecode.swift; path = DataStructs.swift; sourceTree = "<group>"; };
		EBE2F5FB260D13DB006981A1 /* VaccinationDetailView.swift */ = {isa = PBXFileReference; lastKnownFileType = sourcecode.swift; path = VaccinationDetailView.swift; sourceTree = "<group>"; };
		EBE2F5FF260D14AF006981A1 /* Color.swift */ = {isa = PBXFileReference; lastKnownFileType = sourcecode.swift; path = Color.swift; sourceTree = "<group>"; };
		EBE87B852512806200A02F8E /* NavigationBarModifier.swift */ = {isa = PBXFileReference; lastKnownFileType = sourcecode.swift; path = NavigationBarModifier.swift; sourceTree = "<group>"; };
		EBE87B872512807600A02F8E /* View.swift */ = {isa = PBXFileReference; lastKnownFileType = sourcecode.swift; path = View.swift; sourceTree = "<group>"; };
		EBEAF586251130BE00403142 /* DataGrabbers.swift */ = {isa = PBXFileReference; lastKnownFileType = sourcecode.swift; path = DataGrabbers.swift; sourceTree = "<group>"; };
		EBEAF5882511520C00403142 /* CountryDetailView.swift */ = {isa = PBXFileReference; lastKnownFileType = sourcecode.swift; path = CountryDetailView.swift; sourceTree = "<group>"; };
		EBEAF58A2511523800403142 /* StatesDetailView.swift */ = {isa = PBXFileReference; lastKnownFileType = sourcecode.swift; path = StatesDetailView.swift; sourceTree = "<group>"; };
		EBEAF58C251152A300403142 /* CaseAnnotations.swift */ = {isa = PBXFileReference; lastKnownFileType = sourcecode.swift; path = CaseAnnotations.swift; sourceTree = "<group>"; };
		EBEAF58F251152F100403142 /* WebView.swift */ = {isa = PBXFileReference; lastKnownFileType = sourcecode.swift; path = WebView.swift; sourceTree = "<group>"; };
		EBFA701D25129A85003DF015 /* UIColor.swift */ = {isa = PBXFileReference; lastKnownFileType = sourcecode.swift; path = UIColor.swift; sourceTree = "<group>"; };
		FD9BFFC591A856E8CDC54231 /* Pods_COVID_Tracker.framework */ = {isa = PBXFileReference; explicitFileType = wrapper.framework; includeInIndex = 0; path = Pods_COVID_Tracker.framework; sourceTree = BUILT_PRODUCTS_DIR; };
/* End PBXFileReference section */

/* Begin PBXFrameworksBuildPhase section */
		EB8504A42448196C00BA0CF0 /* Frameworks */ = {
			isa = PBXFrameworksBuildPhase;
			buildActionMask = 2147483647;
			files = (
				EB216C43260C0D4C00ED65E3 /* SwiftUIRefresh in Frameworks */,
				F6EFD1DB62E15389E97C42EF /* Pods_COVID_Tracker.framework in Frameworks */,
				EB58C29D261CED780023CD12 /* BetterSafariView in Frameworks */,
				EBAE11E5262B8A3100D7863F /* Kingfisher in Frameworks */,
				EBFCE65B262F489A00B97D23 /* CodableCSV in Frameworks */,
			);
			runOnlyForDeploymentPostprocessing = 0;
		};
/* End PBXFrameworksBuildPhase section */

/* Begin PBXGroup section */
		E33D116EBE1A90A590127442 /* Pods */ = {
			isa = PBXGroup;
			children = (
				4F3558FA382E43D0D9BC5FA4 /* Pods-COVID Tracker.debug.xcconfig */,
				A75F23EB9F23F8E77CA1DF2F /* Pods-COVID Tracker.release.xcconfig */,
			);
			path = Pods;
			sourceTree = "<group>";
		};
		EB85049E2448196C00BA0CF0 = {
			isa = PBXGroup;
			children = (
				EB8504A92448196C00BA0CF0 /* COVID Tracker */,
				EB8504A82448196C00BA0CF0 /* Products */,
				EBDD6F0F244933BD00372189 /* Frameworks */,
				E33D116EBE1A90A590127442 /* Pods */,
			);
			sourceTree = "<group>";
		};
		EB8504A82448196C00BA0CF0 /* Products */ = {
			isa = PBXGroup;
			children = (
				EB8504A72448196C00BA0CF0 /* COVID Tracker.app */,
			);
			name = Products;
			sourceTree = "<group>";
		};
		EB8504A92448196C00BA0CF0 /* COVID Tracker */ = {
			isa = PBXGroup;
			children = (
				EB8504B82448196D00BA0CF0 /* Info.plist */,
				EB8504B02448196D00BA0CF0 /* Assets.xcassets */,
				EBDD6F0E244933BD00372189 /* COVID Tracker.entitlements */,
				EB8504B52448196D00BA0CF0 /* LaunchScreen.storyboard */,
				EB8F12052451186E00845269 /* Main View */,
				EB8F12062451187E00845269 /* Supplemental Views */,
				EBB95B00246CCFFC006A373E /* Utilities */,
				EBEAF58E251152B600403142 /* Data */,
				EB8F120B2451194C00845269 /* Extensions */,
				EB8F1207245118B100845269 /* Delegates */,
				EB8504B22448196D00BA0CF0 /* Preview Content */,
			);
			path = "COVID Tracker";
			sourceTree = "<group>";
		};
		EB8504B22448196D00BA0CF0 /* Preview Content */ = {
			isa = PBXGroup;
			children = (
				EB8504B32448196D00BA0CF0 /* Preview Assets.xcassets */,
			);
			path = "Preview Content";
			sourceTree = "<group>";
		};
		EB8F12052451186E00845269 /* Main View */ = {
			isa = PBXGroup;
			children = (
				EB8504AE2448196C00BA0CF0 /* Coronavirus.swift */,
			);
			path = "Main View";
			sourceTree = "<group>";
		};
		EB8F12062451187E00845269 /* Supplemental Views */ = {
			isa = PBXGroup;
			children = (
				EBDD6F1824493C8500372189 /* TotalView.swift */,
				EBB9D9452450095200620ACE /* SourcesView.swift */,
				EBDD6F1624493C7D00372189 /* CountryView.swift */,
				EBEAF5882511520C00403142 /* CountryDetailView.swift */,
				EBBE9F42244A724F00EA286F /* StatesView.swift */,
				EBEAF58A2511523800403142 /* StatesDetailView.swift */,
				EB4C777A245207150072B8AF /* NewsView.swift */,
				EB216C45260C195600ED65E3 /* StateVaccinationDetailView.swift */,
				EBE2F5FB260D13DB006981A1 /* VaccinationDetailView.swift */,
				EBAB252226463A0E002E0D0A /* AdViews.swift */,
			);
			path = "Supplemental Views";
			sourceTree = "<group>";
		};
		EB8F1207245118B100845269 /* Delegates */ = {
			isa = PBXGroup;
			children = (
				EB8504AA2448196C00BA0CF0 /* AppDelegate.swift */,
				EB8504AC2448196C00BA0CF0 /* SceneDelegate.swift */,
			);
			path = Delegates;
			sourceTree = "<group>";
		};
		EB8F120B2451194C00845269 /* Extensions */ = {
			isa = PBXGroup;
			children = (
				EB8504C0244828EE00BA0CF0 /* Int.swift */,
				EBB95AFA246C91FE006A373E /* Array.swift */,
				EB33BD3D246F28B2009FED4B /* Date.swift */,
				EB21BE4D251018ED0039E430 /* UIDevice.swift */,
				EB00D6502510696F00D5A6FB /* UIApplication.swift */,
				EB648CE925118AAA0078F37B /* UIFont.swift */,
				EBE87B872512807600A02F8E /* View.swift */,
				EBFA701D25129A85003DF015 /* UIColor.swift */,
				EBE2F5FF260D14AF006981A1 /* Color.swift */,
				EB94CF592620BC750015515D /* UIScreen.swift */,
			);
			path = Extensions;
			sourceTree = "<group>";
		};
		EBB95B00246CCFFC006A373E /* Utilities */ = {
			isa = PBXGroup;
			children = (
				EBB95B07246CD0D8006A373E /* AnyGestureOrganizer.swift */,
				EB94CF4B2620B8F70015515D /* BottomBar.swift */,
				EB94CF562620BC530015515D /* HalfModalViews.swift */,
				EBE87B852512806200A02F8E /* NavigationBarModifier.swift */,
				EBB95B01246CD019006A373E /* SearchBar.swift */,
				EBEAF58F251152F100403142 /* WebView.swift */,
				EBAE1242262BEB3900D7863F /* AboutKit.swift */,
			);
			path = Utilities;
			sourceTree = "<group>";
		};
		EBDD6F0F244933BD00372189 /* Frameworks */ = {
			isa = PBXGroup;
			children = (
				EB77BF7F245A6EED003BC5D7 /* GoogleUtilities.framework */,
				EB77BF7B245A6EE7003BC5D7 /* nanopb.framework */,
				EB77BF77245A6EC9003BC5D7 /* URLImage.framework */,
				EB77BF5E245A6CD7003BC5D7 /* GoogleUtilities.framework */,
				EB77BF5F245A6CD7003BC5D7 /* nanopb.framework */,
				EB77BF60245A6CD7003BC5D7 /* URLImage.framework */,
				EBDD6F14244939A000372189 /* ExternalAccessory.framework */,
				EBDD6F12244933C700372189 /* MapKit.framework */,
				EBDD6F10244933BD00372189 /* AudioToolbox.framework */,
				FD9BFFC591A856E8CDC54231 /* Pods_COVID_Tracker.framework */,
			);
			name = Frameworks;
			sourceTree = "<group>";
		};
		EBEAF58E251152B600403142 /* Data */ = {
			isa = PBXGroup;
			children = (
				EBEAF586251130BE00403142 /* DataGrabbers.swift */,
				EBEAF58C251152A300403142 /* CaseAnnotations.swift */,
				EBE1646E25CF20D600029603 /* DataStructs.swift */,
			);
			path = Data;
			sourceTree = "<group>";
		};
/* End PBXGroup section */

/* Begin PBXNativeTarget section */
		EB8504A62448196C00BA0CF0 /* COVID Tracker */ = {
			isa = PBXNativeTarget;
			buildConfigurationList = EB8504BB2448196D00BA0CF0 /* Build configuration list for PBXNativeTarget "COVID Tracker" */;
			buildPhases = (
				790044D7F8B23AFA8CDAF465 /* [CP] Check Pods Manifest.lock */,
				EB8504A32448196C00BA0CF0 /* Sources */,
				EB8504A42448196C00BA0CF0 /* Frameworks */,
				EB8504A52448196C00BA0CF0 /* Resources */,
				DF9A26C227CE55F27CCD603D /* [CP] Embed Pods Frameworks */,
			);
			buildRules = (
			);
			dependencies = (
			);
			name = "COVID Tracker";
			packageProductDependencies = (
				EB216C42260C0D4C00ED65E3 /* SwiftUIRefresh */,
				EB58C29C261CED780023CD12 /* BetterSafariView */,
				EBAE11E4262B8A3100D7863F /* Kingfisher */,
				EBFCE65A262F489A00B97D23 /* CodableCSV */,
			);
			productName = "COVID-19 Data";
			productReference = EB8504A72448196C00BA0CF0 /* COVID Tracker.app */;
			productType = "com.apple.product-type.application";
		};
/* End PBXNativeTarget section */

/* Begin PBXProject section */
		EB85049F2448196C00BA0CF0 /* Project object */ = {
			isa = PBXProject;
			attributes = {
				LastSwiftUpdateCheck = 1140;
				LastUpgradeCheck = 1240;
				ORGANIZATIONNAME = "Sammy Dentino";
				TargetAttributes = {
					EB8504A62448196C00BA0CF0 = {
						CreatedOnToolsVersion = 11.4.1;
					};
				};
			};
			buildConfigurationList = EB8504A22448196C00BA0CF0 /* Build configuration list for PBXProject "COVID Tracker" */;
			compatibilityVersion = "Xcode 9.3";
			developmentRegion = en;
			hasScannedForEncodings = 0;
			knownRegions = (
				en,
				Base,
				de,
				es,
				fr,
				ro,
			);
			mainGroup = EB85049E2448196C00BA0CF0;
			packageReferences = (
				EB216C41260C0D4C00ED65E3 /* XCRemoteSwiftPackageReference "SwiftUIRefresh" */,
				EB58C29B261CED780023CD12 /* XCRemoteSwiftPackageReference "BetterSafariView" */,
				EBAE11E3262B8A3100D7863F /* XCRemoteSwiftPackageReference "Kingfisher" */,
				EBFCE659262F489A00B97D23 /* XCRemoteSwiftPackageReference "CodableCSV" */,
			);
			productRefGroup = EB8504A82448196C00BA0CF0 /* Products */;
			projectDirPath = "";
			projectRoot = "";
			targets = (
				EB8504A62448196C00BA0CF0 /* COVID Tracker */,
			);
		};
/* End PBXProject section */

/* Begin PBXResourcesBuildPhase section */
		EB8504A52448196C00BA0CF0 /* Resources */ = {
			isa = PBXResourcesBuildPhase;
			buildActionMask = 2147483647;
			files = (
				EB8504B72448196D00BA0CF0 /* LaunchScreen.storyboard in Resources */,
				EB8504B42448196D00BA0CF0 /* Preview Assets.xcassets in Resources */,
				EB8504B12448196D00BA0CF0 /* Assets.xcassets in Resources */,
			);
			runOnlyForDeploymentPostprocessing = 0;
		};
/* End PBXResourcesBuildPhase section */

/* Begin PBXShellScriptBuildPhase section */
		790044D7F8B23AFA8CDAF465 /* [CP] Check Pods Manifest.lock */ = {
			isa = PBXShellScriptBuildPhase;
			buildActionMask = 2147483647;
			files = (
			);
			inputFileListPaths = (
			);
			inputPaths = (
				"${PODS_PODFILE_DIR_PATH}/Podfile.lock",
				"${PODS_ROOT}/Manifest.lock",
			);
			name = "[CP] Check Pods Manifest.lock";
			outputFileListPaths = (
			);
			outputPaths = (
				"$(DERIVED_FILE_DIR)/Pods-COVID Tracker-checkManifestLockResult.txt",
			);
			runOnlyForDeploymentPostprocessing = 0;
			shellPath = /bin/sh;
			shellScript = "diff \"${PODS_PODFILE_DIR_PATH}/Podfile.lock\" \"${PODS_ROOT}/Manifest.lock\" > /dev/null\nif [ $? != 0 ] ; then\n    # print error to STDERR\n    echo \"error: The sandbox is not in sync with the Podfile.lock. Run 'pod install' or update your CocoaPods installation.\" >&2\n    exit 1\nfi\n# This output is used by Xcode 'outputs' to avoid re-running this script phase.\necho \"SUCCESS\" > \"${SCRIPT_OUTPUT_FILE_0}\"\n";
			showEnvVarsInLog = 0;
		};
		DF9A26C227CE55F27CCD603D /* [CP] Embed Pods Frameworks */ = {
			isa = PBXShellScriptBuildPhase;
			buildActionMask = 2147483647;
			files = (
			);
			inputFileListPaths = (
				"${PODS_ROOT}/Target Support Files/Pods-COVID Tracker/Pods-COVID Tracker-frameworks-${CONFIGURATION}-input-files.xcfilelist",
			);
			name = "[CP] Embed Pods Frameworks";
			outputFileListPaths = (
				"${PODS_ROOT}/Target Support Files/Pods-COVID Tracker/Pods-COVID Tracker-frameworks-${CONFIGURATION}-output-files.xcfilelist",
			);
			runOnlyForDeploymentPostprocessing = 0;
			shellPath = /bin/sh;
			shellScript = "\"${PODS_ROOT}/Target Support Files/Pods-COVID Tracker/Pods-COVID Tracker-frameworks.sh\"\n";
			showEnvVarsInLog = 0;
		};
/* End PBXShellScriptBuildPhase section */

/* Begin PBXSourcesBuildPhase section */
		EB8504A32448196C00BA0CF0 /* Sources */ = {
			isa = PBXSourcesBuildPhase;
			buildActionMask = 2147483647;
			files = (
				EBE87B882512807600A02F8E /* View.swift in Sources */,
				EB8504AB2448196C00BA0CF0 /* AppDelegate.swift in Sources */,
				EB216C46260C195600ED65E3 /* StateVaccinationDetailView.swift in Sources */,
				EBBE9F43244A724F00EA286F /* StatesView.swift in Sources */,
				EBEAF587251130BE00403142 /* DataGrabbers.swift in Sources */,
				EBFA701E25129A85003DF015 /* UIColor.swift in Sources */,
				EBEAF58D251152A300403142 /* CaseAnnotations.swift in Sources */,
				EBAB252326463A0E002E0D0A /* AdViews.swift in Sources */,
				EB648CEA25118AAA0078F37B /* UIFont.swift in Sources */,
				EBB95B08246CD0D8006A373E /* AnyGestureOrganizer.swift in Sources */,
				EB94CF572620BC530015515D /* HalfModalViews.swift in Sources */,
				EBE2F600260D14AF006981A1 /* Color.swift in Sources */,
				EBE2F5FC260D13DB006981A1 /* VaccinationDetailView.swift in Sources */,
				EBAE1243262BEB3900D7863F /* AboutKit.swift in Sources */,
				EB94CF4C2620B8F70015515D /* BottomBar.swift in Sources */,
				EBB95B02246CD019006A373E /* SearchBar.swift in Sources */,
				EB21BE4E251018ED0039E430 /* UIDevice.swift in Sources */,
				EB4C777B245207150072B8AF /* NewsView.swift in Sources */,
				EBEAF5892511520C00403142 /* CountryDetailView.swift in Sources */,
				EB94CF5A2620BC750015515D /* UIScreen.swift in Sources */,
				EB8504C1244828EE00BA0CF0 /* Int.swift in Sources */,
				EBDD6F1724493C7D00372189 /* CountryView.swift in Sources */,
				EBB9D9462450095300620ACE /* SourcesView.swift in Sources */,
				EB00D6512510696F00D5A6FB /* UIApplication.swift in Sources */,
				EBB95AFB246C91FE006A373E /* Array.swift in Sources */,
				EB33BD3E246F28B2009FED4B /* Date.swift in Sources */,
				EB8504AD2448196C00BA0CF0 /* SceneDelegate.swift in Sources */,
				EBEAF58B2511523800403142 /* StatesDetailView.swift in Sources */,
				EBEAF590251152F100403142 /* WebView.swift in Sources */,
				EBDD6F1924493C8500372189 /* TotalView.swift in Sources */,
				EBE87B862512806200A02F8E /* NavigationBarModifier.swift in Sources */,
				EBE1646F25CF20D600029603 /* DataStructs.swift in Sources */,
				EB8504AF2448196C00BA0CF0 /* Coronavirus.swift in Sources */,
			);
			runOnlyForDeploymentPostprocessing = 0;
		};
/* End PBXSourcesBuildPhase section */

/* Begin PBXVariantGroup section */
		EB8504B52448196D00BA0CF0 /* LaunchScreen.storyboard */ = {
			isa = PBXVariantGroup;
			children = (
				EB8504B62448196D00BA0CF0 /* Base */,
			);
			name = LaunchScreen.storyboard;
			sourceTree = "<group>";
		};
/* End PBXVariantGroup section */

/* Begin XCBuildConfiguration section */
		EB8504B92448196D00BA0CF0 /* Debug */ = {
			isa = XCBuildConfiguration;
			buildSettings = {
				ALWAYS_SEARCH_USER_PATHS = NO;
				CLANG_ANALYZER_NONNULL = YES;
				CLANG_ANALYZER_NUMBER_OBJECT_CONVERSION = YES_AGGRESSIVE;
				CLANG_CXX_LANGUAGE_STANDARD = "gnu++14";
				CLANG_CXX_LIBRARY = "libc++";
				CLANG_ENABLE_MODULES = YES;
				CLANG_ENABLE_OBJC_ARC = YES;
				CLANG_ENABLE_OBJC_WEAK = YES;
				CLANG_WARN_BLOCK_CAPTURE_AUTORELEASING = YES;
				CLANG_WARN_BOOL_CONVERSION = YES;
				CLANG_WARN_COMMA = YES;
				CLANG_WARN_CONSTANT_CONVERSION = YES;
				CLANG_WARN_DEPRECATED_OBJC_IMPLEMENTATIONS = YES;
				CLANG_WARN_DIRECT_OBJC_ISA_USAGE = YES_ERROR;
				CLANG_WARN_DOCUMENTATION_COMMENTS = YES;
				CLANG_WARN_EMPTY_BODY = YES;
				CLANG_WARN_ENUM_CONVERSION = YES;
				CLANG_WARN_INFINITE_RECURSION = YES;
				CLANG_WARN_INT_CONVERSION = YES;
				CLANG_WARN_NON_LITERAL_NULL_CONVERSION = YES;
				CLANG_WARN_OBJC_IMPLICIT_RETAIN_SELF = YES;
				CLANG_WARN_OBJC_LITERAL_CONVERSION = YES;
				CLANG_WARN_OBJC_ROOT_CLASS = YES_ERROR;
				CLANG_WARN_QUOTED_INCLUDE_IN_FRAMEWORK_HEADER = YES;
				CLANG_WARN_RANGE_LOOP_ANALYSIS = YES;
				CLANG_WARN_STRICT_PROTOTYPES = YES;
				CLANG_WARN_SUSPICIOUS_MOVE = YES;
				CLANG_WARN_UNGUARDED_AVAILABILITY = YES_AGGRESSIVE;
				CLANG_WARN_UNREACHABLE_CODE = YES;
				CLANG_WARN__DUPLICATE_METHOD_MATCH = YES;
				COPY_PHASE_STRIP = NO;
				DEBUG_INFORMATION_FORMAT = dwarf;
				ENABLE_STRICT_OBJC_MSGSEND = YES;
				ENABLE_TESTABILITY = YES;
				GCC_C_LANGUAGE_STANDARD = gnu11;
				GCC_DYNAMIC_NO_PIC = NO;
				GCC_NO_COMMON_BLOCKS = YES;
				GCC_OPTIMIZATION_LEVEL = 0;
				GCC_PREPROCESSOR_DEFINITIONS = (
					"DEBUG=1",
					"$(inherited)",
				);
				GCC_WARN_64_TO_32_BIT_CONVERSION = YES;
				GCC_WARN_ABOUT_RETURN_TYPE = YES_ERROR;
				GCC_WARN_UNDECLARED_SELECTOR = YES;
				GCC_WARN_UNINITIALIZED_AUTOS = YES_AGGRESSIVE;
				GCC_WARN_UNUSED_FUNCTION = YES;
				GCC_WARN_UNUSED_VARIABLE = YES;
				IPHONEOS_DEPLOYMENT_TARGET = 13.2;
				MACOSX_DEPLOYMENT_TARGET = 10.15;
				MTL_ENABLE_DEBUG_INFO = INCLUDE_SOURCE;
				MTL_FAST_MATH = YES;
				ONLY_ACTIVE_ARCH = YES;
				SDKROOT = iphoneos;
				SWIFT_ACTIVE_COMPILATION_CONDITIONS = DEBUG;
				SWIFT_OPTIMIZATION_LEVEL = "-Onone";
			};
			name = Debug;
		};
		EB8504BA2448196D00BA0CF0 /* Release */ = {
			isa = XCBuildConfiguration;
			buildSettings = {
				ALWAYS_SEARCH_USER_PATHS = NO;
				CLANG_ANALYZER_NONNULL = YES;
				CLANG_ANALYZER_NUMBER_OBJECT_CONVERSION = YES_AGGRESSIVE;
				CLANG_CXX_LANGUAGE_STANDARD = "gnu++14";
				CLANG_CXX_LIBRARY = "libc++";
				CLANG_ENABLE_MODULES = YES;
				CLANG_ENABLE_OBJC_ARC = YES;
				CLANG_ENABLE_OBJC_WEAK = YES;
				CLANG_WARN_BLOCK_CAPTURE_AUTORELEASING = YES;
				CLANG_WARN_BOOL_CONVERSION = YES;
				CLANG_WARN_COMMA = YES;
				CLANG_WARN_CONSTANT_CONVERSION = YES;
				CLANG_WARN_DEPRECATED_OBJC_IMPLEMENTATIONS = YES;
				CLANG_WARN_DIRECT_OBJC_ISA_USAGE = YES_ERROR;
				CLANG_WARN_DOCUMENTATION_COMMENTS = YES;
				CLANG_WARN_EMPTY_BODY = YES;
				CLANG_WARN_ENUM_CONVERSION = YES;
				CLANG_WARN_INFINITE_RECURSION = YES;
				CLANG_WARN_INT_CONVERSION = YES;
				CLANG_WARN_NON_LITERAL_NULL_CONVERSION = YES;
				CLANG_WARN_OBJC_IMPLICIT_RETAIN_SELF = YES;
				CLANG_WARN_OBJC_LITERAL_CONVERSION = YES;
				CLANG_WARN_OBJC_ROOT_CLASS = YES_ERROR;
				CLANG_WARN_QUOTED_INCLUDE_IN_FRAMEWORK_HEADER = YES;
				CLANG_WARN_RANGE_LOOP_ANALYSIS = YES;
				CLANG_WARN_STRICT_PROTOTYPES = YES;
				CLANG_WARN_SUSPICIOUS_MOVE = YES;
				CLANG_WARN_UNGUARDED_AVAILABILITY = YES_AGGRESSIVE;
				CLANG_WARN_UNREACHABLE_CODE = YES;
				CLANG_WARN__DUPLICATE_METHOD_MATCH = YES;
				COPY_PHASE_STRIP = NO;
				DEBUG_INFORMATION_FORMAT = "dwarf-with-dsym";
				ENABLE_NS_ASSERTIONS = NO;
				ENABLE_STRICT_OBJC_MSGSEND = YES;
				GCC_C_LANGUAGE_STANDARD = gnu11;
				GCC_NO_COMMON_BLOCKS = YES;
				GCC_WARN_64_TO_32_BIT_CONVERSION = YES;
				GCC_WARN_ABOUT_RETURN_TYPE = YES_ERROR;
				GCC_WARN_UNDECLARED_SELECTOR = YES;
				GCC_WARN_UNINITIALIZED_AUTOS = YES_AGGRESSIVE;
				GCC_WARN_UNUSED_FUNCTION = YES;
				GCC_WARN_UNUSED_VARIABLE = YES;
				IPHONEOS_DEPLOYMENT_TARGET = 13.2;
				MACOSX_DEPLOYMENT_TARGET = 10.15;
				MTL_ENABLE_DEBUG_INFO = NO;
				MTL_FAST_MATH = YES;
				ONLY_ACTIVE_ARCH = YES;
				SDKROOT = iphoneos;
				SWIFT_COMPILATION_MODE = wholemodule;
				SWIFT_OPTIMIZATION_LEVEL = "-O";
				VALIDATE_PRODUCT = YES;
			};
			name = Release;
		};
		EB8504BC2448196D00BA0CF0 /* Debug */ = {
			isa = XCBuildConfiguration;
			baseConfigurationReference = 4F3558FA382E43D0D9BC5FA4 /* Pods-COVID Tracker.debug.xcconfig */;
			buildSettings = {
				ASSETCATALOG_COMPILER_APPICON_NAME = AppIcon;
				CODE_SIGN_ENTITLEMENTS = "COVID Tracker/COVID Tracker.entitlements";
				CODE_SIGN_STYLE = Automatic;
				CURRENT_PROJECT_VERSION = 1;
				DEVELOPMENT_ASSET_PATHS = "";
				DEVELOPMENT_TEAM = G9X97N3XGU;
				ENABLE_PREVIEWS = YES;
				INFOPLIST_FILE = "COVID Tracker/Info.plist";
				IPHONEOS_DEPLOYMENT_TARGET = 14.1;
				LD_RUNPATH_SEARCH_PATHS = (
					"$(inherited)",
					"@executable_path/Frameworks",
				);
				MARKETING_VERSION = 4.3.1;
				PRODUCT_BUNDLE_IDENTIFIER = "com.sammydentino.COVID-Tracker";
				PRODUCT_NAME = "COVID Tracker";
				SWIFT_VERSION = 5.0;
				TARGETED_DEVICE_FAMILY = "1,2";
			};
			name = Debug;
		};
		EB8504BD2448196D00BA0CF0 /* Release */ = {
			isa = XCBuildConfiguration;
			baseConfigurationReference = A75F23EB9F23F8E77CA1DF2F /* Pods-COVID Tracker.release.xcconfig */;
			buildSettings = {
				ASSETCATALOG_COMPILER_APPICON_NAME = AppIcon;
				CODE_SIGN_ENTITLEMENTS = "COVID Tracker/COVID Tracker.entitlements";
				CODE_SIGN_STYLE = Automatic;
				CURRENT_PROJECT_VERSION = 1;
				DEVELOPMENT_ASSET_PATHS = "";
				DEVELOPMENT_TEAM = G9X97N3XGU;
				ENABLE_PREVIEWS = YES;
				INFOPLIST_FILE = "COVID Tracker/Info.plist";
				IPHONEOS_DEPLOYMENT_TARGET = 14.1;
				LD_RUNPATH_SEARCH_PATHS = (
					"$(inherited)",
					"@executable_path/Frameworks",
				);
				MARKETING_VERSION = 4.3.1;
				PRODUCT_BUNDLE_IDENTIFIER = "com.sammydentino.COVID-Tracker";
				PRODUCT_NAME = "COVID Tracker";
				SWIFT_VERSION = 5.0;
				TARGETED_DEVICE_FAMILY = "1,2";
			};
			name = Release;
		};
/* End XCBuildConfiguration section */

/* Begin XCConfigurationList section */
		EB8504A22448196C00BA0CF0 /* Build configuration list for PBXProject "COVID Tracker" */ = {
			isa = XCConfigurationList;
			buildConfigurations = (
				EB8504B92448196D00BA0CF0 /* Debug */,
				EB8504BA2448196D00BA0CF0 /* Release */,
			);
			defaultConfigurationIsVisible = 0;
			defaultConfigurationName = Release;
		};
		EB8504BB2448196D00BA0CF0 /* Build configuration list for PBXNativeTarget "COVID Tracker" */ = {
			isa = XCConfigurationList;
			buildConfigurations = (
				EB8504BC2448196D00BA0CF0 /* Debug */,
				EB8504BD2448196D00BA0CF0 /* Release */,
			);
			defaultConfigurationIsVisible = 0;
			defaultConfigurationName = Release;
		};
/* End XCConfigurationList section */

/* Begin XCRemoteSwiftPackageReference section */
		EB216C41260C0D4C00ED65E3 /* XCRemoteSwiftPackageReference "SwiftUIRefresh" */ = {
			isa = XCRemoteSwiftPackageReference;
			repositoryURL = "https://github.com/siteline/SwiftUIRefresh.git";
			requirement = {
				kind = upToNextMajorVersion;
				minimumVersion = 0.0.3;
			};
		};
		EB58C29B261CED780023CD12 /* XCRemoteSwiftPackageReference "BetterSafariView" */ = {
			isa = XCRemoteSwiftPackageReference;
			repositoryURL = "https://github.com/stleamist/BetterSafariView.git";
			requirement = {
				kind = upToNextMajorVersion;
				minimumVersion = 2.3.1;
			};
		};
		EBAE11E3262B8A3100D7863F /* XCRemoteSwiftPackageReference "Kingfisher" */ = {
			isa = XCRemoteSwiftPackageReference;
			repositoryURL = "https://github.com/onevcat/Kingfisher.git";
			requirement = {
				kind = upToNextMajorVersion;
				minimumVersion = 6.2.1;
			};
		};
		EBFCE659262F489A00B97D23 /* XCRemoteSwiftPackageReference "CodableCSV" */ = {
			isa = XCRemoteSwiftPackageReference;
			repositoryURL = "https://github.com/dehesa/CodableCSV.git";
			requirement = {
				kind = upToNextMajorVersion;
				minimumVersion = 0.6.6;
			};
		};
/* End XCRemoteSwiftPackageReference section */

/* Begin XCSwiftPackageProductDependency section */
		EB216C42260C0D4C00ED65E3 /* SwiftUIRefresh */ = {
			isa = XCSwiftPackageProductDependency;
			package = EB216C41260C0D4C00ED65E3 /* XCRemoteSwiftPackageReference "SwiftUIRefresh" */;
			productName = SwiftUIRefresh;
		};
		EB58C29C261CED780023CD12 /* BetterSafariView */ = {
			isa = XCSwiftPackageProductDependency;
			package = EB58C29B261CED780023CD12 /* XCRemoteSwiftPackageReference "BetterSafariView" */;
			productName = BetterSafariView;
		};
		EBAE11E4262B8A3100D7863F /* Kingfisher */ = {
			isa = XCSwiftPackageProductDependency;
			package = EBAE11E3262B8A3100D7863F /* XCRemoteSwiftPackageReference "Kingfisher" */;
			productName = Kingfisher;
		};
		EBFCE65A262F489A00B97D23 /* CodableCSV */ = {
			isa = XCSwiftPackageProductDependency;
			package = EBFCE659262F489A00B97D23 /* XCRemoteSwiftPackageReference "CodableCSV" */;
			productName = CodableCSV;
		};
/* End XCSwiftPackageProductDependency section */
	};
	rootObject = EB85049F2448196C00BA0CF0 /* Project object */;
}
